
Microsoft Visual Studio Solution File, Format Version 12.00
# Visual Studio Version 16
VisualStudioVersion = 16.0.31205.134
MinimumVisualStudioVersion = 10.0.40219.1
Project("{FAE04EC0-301F-11D3-BF4B-00C04F79EFBC}") = "Ejercicio1", "Ejercicio1\Ejercicio1.csproj", "{11BB2E83-5BB3-407B-812A-A50B35A2CC07}"
EndProject
Project("{FAE04EC0-301F-11D3-BF4B-00C04F79EFBC}") = "Ejercicio2", "Ejercicio2\Ejercicio2.csproj", "{32BA8369-4B01-481F-AFD7-2A2A2B0A04A8}"
EndProject
Global
	GlobalSection(SolutionConfigurationPlatforms) = preSolution
		Debug|Any CPU = Debug|Any CPU
		Release|Any CPU = Release|Any CPU
	EndGlobalSection
	GlobalSection(ProjectConfigurationPlatforms) = postSolution
		{11BB2E83-5BB3-407B-812A-A50B35A2CC07}.Debug|Any CPU.ActiveCfg = Debug|Any CPU
		{11BB2E83-5BB3-407B-812A-A50B35A2CC07}.Debug|Any CPU.Build.0 = Debug|Any CPU
		{11BB2E83-5BB3-407B-812A-A50B35A2CC07}.Release|Any CPU.ActiveCfg = Release|Any CPU
		{11BB2E83-5BB3-407B-812A-A50B35A2CC07}.Release|Any CPU.Build.0 = Release|Any CPU
		{32BA8369-4B01-481F-AFD7-2A2A2B0A04A8}.Debug|Any CPU.ActiveCfg = Debug|Any CPU
		{32BA8369-4B01-481F-AFD7-2A2A2B0A04A8}.Debug|Any CPU.Build.0 = Debug|Any CPU
		{32BA8369-4B01-481F-AFD7-2A2A2B0A04A8}.Release|Any CPU.ActiveCfg = Release|Any CPU
		{32BA8369-4B01-481F-AFD7-2A2A2B0A04A8}.Release|Any CPU.Build.0 = Release|Any CPU
	EndGlobalSection
	GlobalSection(SolutionProperties) = preSolution
		HideSolutionNode = FALSE
	EndGlobalSection
	GlobalSection(ExtensibilityGlobals) = postSolution
		SolutionGuid = {46405C7C-3C5A-45B1-8C5F-CA3754AF5186}
	EndGlobalSection
EndGlobal
